
Microsoft Visual Studio Solution File, Format Version 12.00
# Visual Studio Version 16
VisualStudioVersion = 16.0.31205.134
MinimumVisualStudioVersion = 10.0.40219.1
Project("{FAE04EC0-301F-11D3-BF4B-00C04F79EFBC}") = "Dictionary", "Dictionary\Dictionary.csproj", "{DC9EE025-2D76-4E08-85DB-6EC4B787DF3E}"
EndProject
Global
	GlobalSection(SolutionConfigurationPlatforms) = preSolution
		Debug|Any CPU = Debug|Any CPU
		Release|Any CPU = Release|Any CPU
	EndGlobalSection
	GlobalSection(ProjectConfigurationPlatforms) = postSolution
		{DC9EE025-2D76-4E08-85DB-6EC4B787DF3E}.Debug|Any CPU.ActiveCfg = Debug|Any CPU
		{DC9EE025-2D76-4E08-85DB-6EC4B787DF3E}.Debug|Any CPU.Build.0 = Debug|Any CPU
		{DC9EE025-2D76-4E08-85DB-6EC4B787DF3E}.Release|Any CPU.ActiveCfg = Release|Any CPU
		{DC9EE025-2D76-4E08-85DB-6EC4B787DF3E}.Release|Any CPU.Build.0 = Release|Any CPU
	EndGlobalSection
	GlobalSection(SolutionProperties) = preSolution
		HideSolutionNode = FALSE
	EndGlobalSection
	GlobalSection(ExtensibilityGlobals) = postSolution
		SolutionGuid = {A0EA53C3-ABDA-471A-AECA-0659F267756A}
	EndGlobalSection
EndGlobal
